PODS:
  - AEXML (4.7.0)
  - BartyCrouch (4.11.0)
  - KeyHolder (4.2.0):
    - Magnet (~> 3.4.0)
  - LetsMove (1.25)
  - LoginServiceKit (2.5.0)
  - Magnet (3.4.0):
    - Sauce (~> 2.4.0)
  - PINCache (3.0.4):
    - PINCache/Arc-exception-safe (= 3.0.4)
    - PINCache/Core (= 3.0.4)
  - PINCache/Arc-exception-safe (3.0.4):
    - PINCache/Core
  - PINCache/Core (3.0.4):
    - PINOperation (~> 1.2.3)
  - PINOperation (1.2.3)
  - Realm (20.0.1):
    - Realm/Headers (= 20.0.1)
  - Realm/Headers (20.0.1)
  - RealmSwift (20.0.1):
    - Realm (= 20.0.1)
  - RxCocoa (6.9.0):
    - RxRelay (= 6.9.0)
    - RxSwift (= 6.9.0)
  - RxRelay (6.9.0):
    - RxSwift (= 6.9.0)
  - RxScreeen (2.2.0):
    - RxCocoa (~> 6.0)
    - RxSwift (~> 6.0)
    - Screeen (~> 2.1.0)
  - RxSwift (6.9.0)
  - Sauce (2.4.1)
  - Screeen (2.1.0)
  - Sparkle (2.7.0)
  - SwiftGen (6.6.3)
  - SwiftHEXColors (1.4.1)
  - SwiftLint (0.58.1)

DEPENDENCIES:
  - AEXML
  - BartyCrouch
  - KeyHolder
  - LetsMove
  - LoginServiceKit (from `https://github.com/Clipy/LoginServiceKit.git`)
  - Magnet
  - PINCache
  - RealmSwift
  - RxCocoa
  - RxScreeen
  - RxSwift
  - Sauce
  - Sparkle
  - SwiftGen
  - SwiftHEXColors
  - SwiftLint

SPEC REPOS:
  trunk:
    - AEXML
    - BartyCrouch
    - KeyHolder
    - LetsMove
    - Magnet
    - PINCache
    - PINOperation
    - Realm
    - RealmSwift
    - RxCocoa
    - RxRelay
    - RxScreeen
    - RxSwift
    - Sauce
    - Screeen
    - Sparkle
    - SwiftGen
    - SwiftHEXColors
    - SwiftLint

EXTERNAL SOURCES:
  LoginServiceKit:
    :git: https://github.com/Clipy/LoginServiceKit.git

CHECKOUT OPTIONS:
  LoginServiceKit:
    :commit: ad922de0efe2384b561375d4d5344e1e932c116d
    :git: https://github.com/Clipy/LoginServiceKit.git

SPEC CHECKSUMS:
  AEXML: 5ff2a4695529348cda96b8b872cf73212ad050d7
  BartyCrouch: 13832c060befe72cd1df8d3711e7aeeacb8808ba
  KeyHolder: b22f09b0c95fa4de579864108c6eb506beb09dd6
  LetsMove: 7b9fe44737707d984fbd3f47af46609a9a07b461
  LoginServiceKit: 87c3d42ddb80d39ee8ea6b7a93f8c654ff58781b
  Magnet: d9212b3bb4fc0be22676279960185eeda6823b91
  PINCache: d9a87a0ff397acffe9e2f0db972ac14680441158
  PINOperation: fb563bcc9c32c26d6c78aaff967d405aa2ee74a7
  Realm: 9572204903ef28caeb3c03bb30c1147f354ee3e7
  RealmSwift: d230b44017a55a1ba97de6a944da1fe3bedb92b5
  RxCocoa: ac16414696ae706516be3e1ab00fcce5bdc9be8a
  RxRelay: 6b0c930e5cef57d5fe2032571e5e65b78e3cbdb1
  RxScreeen: ed58bb81fb76f29552204e8ccaff00c9208552c3
  RxSwift: 31649ace6aceeb422e16ff71c60804f9c3281ed9
  Sauce: e4ffcf0332a298a0cb2f29b4200119bedbac23c5
  Screeen: a4c8414236c23c84eff43eb78b07bea21fa374c6
  Sparkle: 9c328bdcfbcaf8f030c4b678eadfd0fcb03822d8
  SwiftGen: 4993cbf71cbc4886f775e26f8d5c3a1188ec9f99
  SwiftHEXColors: 1cb6e5d55c52749aa33db8f088ac55eb71ca4c7f
  SwiftLint: 6c8820d22c8f74baadd5684e00bb7356c34610a1

PODFILE CHECKSUM: 109b7f1004c4d884a77dde3207c747c4d8b78002

COCOAPODS: 1.16.2
